// !$*UTF8*$!
{
	archiveVersion = 1;
	classes = {
	};
	objectVersion = 50;
	objects = {

/* Begin PBXBuildFile section */
		632350A824EF838500712AA3 /* AppDelegate.swift in Sources */ = {isa = PBXBuildFile; fileRef = 632350A724EF838500712AA3 /* AppDelegate.swift */; };
		632350AA24EF838500712AA3 /* SceneDelegate.swift in Sources */ = {isa = PBXBuildFile; fileRef = 632350A924EF838500712AA3 /* SceneDelegate.swift */; };
		632350AC24EF838500712AA3 /* ViewController.swift in Sources */ = {isa = PBXBuildFile; fileRef = 632350AB24EF838500712AA3 /* ViewController.swift */; };
		632350AF24EF838500712AA3 /* Main.storyboard in Resources */ = {isa = PBXBuildFile; fileRef = 632350AD24EF838500712AA3 /* Main.storyboard */; };
		632350B124EF838900712AA3 /* Assets.xcassets in Resources */ = {isa = PBXBuildFile; fileRef = 632350B024EF838800712AA3 /* Assets.xcassets */; };
		632350B424EF838900712AA3 /* LaunchScreen.storyboard in Resources */ = {isa = PBXBuildFile; fileRef = 632350B224EF838900712AA3 /* LaunchScreen.storyboard */; };
		632350BF24EF838900712AA3 /* MaterialDesingTests.swift in Sources */ = {isa = PBXBuildFile; fileRef = 632350BE24EF838900712AA3 /* MaterialDesingTests.swift */; };
		632350CA24EF838900712AA3 /* MaterialDesingUITests.swift in Sources */ = {isa = PBXBuildFile; fileRef = 632350C924EF838900712AA3 /* MaterialDesingUITests.swift */; };
		AE541204C3FCE96DB20696BA /* Pods_MaterialDesing.framework in Frameworks */ = {isa = PBXBuildFile; fileRef = 7C211CFFC1918D5014ADC8D6 /* Pods_MaterialDesing.framework */; };
		BE7E781A19A7802C3B7F7326 /* Pods_MaterialDesing_MaterialDesingUITests.framework in Frameworks */ = {isa = PBXBuildFile; fileRef = E0F8D51423F9968D6C0CC0D9 /* Pods_MaterialDesing_MaterialDesingUITests.framework */; };
		E3E673F3D144B9F25830D818 /* Pods_MaterialDesingTests.framework in Frameworks */ = {isa = PBXBuildFile; fileRef = 7C6B3A6EBD30016B26DC3CDD /* Pods_MaterialDesingTests.framework */; };
/* End PBXBuildFile section */

/* Begin PBXContainerItemProxy section */
		632350BB24EF838900712AA3 /* PBXContainerItemProxy */ = {
			isa = PBXContainerItemProxy;
			containerPortal = 6323509C24EF838500712AA3 /* Project object */;
			proxyType = 1;
			remoteGlobalIDString = 632350A324EF838500712AA3;
			remoteInfo = MaterialDesing;
		};
		632350C624EF838900712AA3 /* PBXContainerItemProxy */ = {
			isa = PBXContainerItemProxy;
			containerPortal = 6323509C24EF838500712AA3 /* Project object */;
			proxyType = 1;
			remoteGlobalIDString = 632350A324EF838500712AA3;
			remoteInfo = MaterialDesing;
		};
/* End PBXContainerItemProxy section */

/* Begin PBXFileReference section */
		03D1AD78F2BD2AAA9CE18DF0 /* Pods-MaterialDesing-MaterialDesingUITests.debug.xcconfig */ = {isa = PBXFileReference; includeInIndex = 1; lastKnownFileType = text.xcconfig; name = "Pods-MaterialDesing-MaterialDesingUITests.debug.xcconfig"; path = "Target Support Files/Pods-MaterialDesing-MaterialDesingUITests/Pods-MaterialDesing-MaterialDesingUITests.debug.xcconfig"; sourceTree = "<group>"; };
		632350A424EF838500712AA3 /* MaterialDesing.app */ = {isa = PBXFileReference; explicitFileType = wrapper.application; includeInIndex = 0; path = MaterialDesing.app; sourceTree = BUILT_PRODUCTS_DIR; };
		632350A724EF838500712AA3 /* AppDelegate.swift */ = {isa = PBXFileReference; lastKnownFileType = sourcecode.swift; path = AppDelegate.swift; sourceTree = "<group>"; };
		632350A924EF838500712AA3 /* SceneDelegate.swift */ = {isa = PBXFileReference; lastKnownFileType = sourcecode.swift; path = SceneDelegate.swift; sourceTree = "<group>"; };
		632350AB24EF838500712AA3 /* ViewController.swift */ = {isa = PBXFileReference; lastKnownFileType = sourcecode.swift; path = ViewController.swift; sourceTree = "<group>"; };
		632350AE24EF838500712AA3 /* Base */ = {isa = PBXFileReference; lastKnownFileType = file.storyboard; name = Base; path = Base.lproj/Main.storyboard; sourceTree = "<group>"; };
		632350B024EF838800712AA3 /* Assets.xcassets */ = {isa = PBXFileReference; lastKnownFileType = folder.assetcatalog; path = Assets.xcassets; sourceTree = "<group>"; };
		632350B324EF838900712AA3 /* Base */ = {isa = PBXFileReference; lastKnownFileType = file.storyboard; name = Base; path = Base.lproj/LaunchScreen.storyboard; sourceTree = "<group>"; };
		632350B524EF838900712AA3 /* Info.plist */ = {isa = PBXFileReference; lastKnownFileType = text.plist.xml; path = Info.plist; sourceTree = "<group>"; };
		632350BA24EF838900712AA3 /* MaterialDesingTests.xctest */ = {isa = PBXFileReference; explicitFileType = wrapper.cfbundle; includeInIndex = 0; path = MaterialDesingTests.xctest; sourceTree = BUILT_PRODUCTS_DIR; };
		632350BE24EF838900712AA3 /* MaterialDesingTests.swift */ = {isa = PBXFileReference; lastKnownFileType = sourcecode.swift; path = MaterialDesingTests.swift; sourceTree = "<group>"; };
		632350C024EF838900712AA3 /* Info.plist */ = {isa = PBXFileReference; lastKnownFileType = text.plist.xml; path = Info.plist; sourceTree = "<group>"; };
		632350C524EF838900712AA3 /* MaterialDesingUITests.xctest */ = {isa = PBXFileReference; explicitFileType = wrapper.cfbundle; includeInIndex = 0; path = MaterialDesingUITests.xctest; sourceTree = BUILT_PRODUCTS_DIR; };
		632350C924EF838900712AA3 /* MaterialDesingUITests.swift */ = {isa = PBXFileReference; lastKnownFileType = sourcecode.swift; path = MaterialDesingUITests.swift; sourceTree = "<group>"; };
		632350CB24EF838900712AA3 /* Info.plist */ = {isa = PBXFileReference; lastKnownFileType = text.plist.xml; path = Info.plist; sourceTree = "<group>"; };
		790CA5C94DC9BCD944F09952 /* Pods-MaterialDesingTests.debug.xcconfig */ = {isa = PBXFileReference; includeInIndex = 1; lastKnownFileType = text.xcconfig; name = "Pods-MaterialDesingTests.debug.xcconfig"; path = "Target Support Files/Pods-MaterialDesingTests/Pods-MaterialDesingTests.debug.xcconfig"; sourceTree = "<group>"; };
		7C211CFFC1918D5014ADC8D6 /* Pods_MaterialDesing.framework */ = {isa = PBXFileReference; explicitFileType = wrapper.framework; includeInIndex = 0; path = Pods_MaterialDesing.framework; sourceTree = BUILT_PRODUCTS_DIR; };
		7C6B3A6EBD30016B26DC3CDD /* Pods_MaterialDesingTests.framework */ = {isa = PBXFileReference; explicitFileType = wrapper.framework; includeInIndex = 0; path = Pods_MaterialDesingTests.framework; sourceTree = BUILT_PRODUCTS_DIR; };
		9E7D8DD0D00FA11B8302BB70 /* Pods-MaterialDesing.release.xcconfig */ = {isa = PBXFileReference; includeInIndex = 1; lastKnownFileType = text.xcconfig; name = "Pods-MaterialDesing.release.xcconfig"; path = "Target Support Files/Pods-MaterialDesing/Pods-MaterialDesing.release.xcconfig"; sourceTree = "<group>"; };
		AFEA677C998F1ECA524BBBF7 /* Pods-MaterialDesing-MaterialDesingUITests.release.xcconfig */ = {isa = PBXFileReference; includeInIndex = 1; lastKnownFileType = text.xcconfig; name = "Pods-MaterialDesing-MaterialDesingUITests.release.xcconfig"; path = "Target Support Files/Pods-MaterialDesing-MaterialDesingUITests/Pods-MaterialDesing-MaterialDesingUITests.release.xcconfig"; sourceTree = "<group>"; };
		B10C9D6A225ED23FB069E155 /* Pods-MaterialDesing.debug.xcconfig */ = {isa = PBXFileReference; includeInIndex = 1; lastKnownFileType = text.xcconfig; name = "Pods-MaterialDesing.debug.xcconfig"; path = "Target Support Files/Pods-MaterialDesing/Pods-MaterialDesing.debug.xcconfig"; sourceTree = "<group>"; };
		B4563690C0DFF75B7C9A08B4 /* Pods-MaterialDesingTests.release.xcconfig */ = {isa = PBXFileReference; includeInIndex = 1; lastKnownFileType = text.xcconfig; name = "Pods-MaterialDesingTests.release.xcconfig"; path = "Target Support Files/Pods-MaterialDesingTests/Pods-MaterialDesingTests.release.xcconfig"; sourceTree = "<group>"; };
		E0F8D51423F9968D6C0CC0D9 /* Pods_MaterialDesing_MaterialDesingUITests.framework */ = {isa = PBXFileReference; explicitFileType = wrapper.framework; includeInIndex = 0; path = Pods_MaterialDesing_MaterialDesingUITests.framework; sourceTree = BUILT_PRODUCTS_DIR; };
/* End PBXFileReference section */

/* Begin PBXFrameworksBuildPhase section */
		632350A124EF838500712AA3 /* Frameworks */ = {
			isa = PBXFrameworksBuildPhase;
			buildActionMask = 2147483647;
			files = (
				AE541204C3FCE96DB20696BA /* Pods_MaterialDesing.framework in Frameworks */,
			);
			runOnlyForDeploymentPostprocessing = 0;
		};
		632350B724EF838900712AA3 /* Frameworks */ = {
			isa = PBXFrameworksBuildPhase;
			buildActionMask = 2147483647;
			files = (
				E3E673F3D144B9F25830D818 /* Pods_MaterialDesingTests.framework in Frameworks */,
			);
			runOnlyForDeploymentPostprocessing = 0;
		};
		632350C224EF838900712AA3 /* Frameworks */ = {
			isa = PBXFrameworksBuildPhase;
			buildActionMask = 2147483647;
			files = (
				BE7E781A19A7802C3B7F7326 /* Pods_MaterialDesing_MaterialDesingUITests.framework in Frameworks */,
			);
			runOnlyForDeploymentPostprocessing = 0;
		};
/* End PBXFrameworksBuildPhase section */

/* Begin PBXGroup section */
		29A5EA7458F48F4B7CC08D29 /* Pods */ = {
			isa = PBXGroup;
			children = (
				B10C9D6A225ED23FB069E155 /* Pods-MaterialDesing.debug.xcconfig */,
				9E7D8DD0D00FA11B8302BB70 /* Pods-MaterialDesing.release.xcconfig */,
				03D1AD78F2BD2AAA9CE18DF0 /* Pods-MaterialDesing-MaterialDesingUITests.debug.xcconfig */,
				AFEA677C998F1ECA524BBBF7 /* Pods-MaterialDesing-MaterialDesingUITests.release.xcconfig */,
				790CA5C94DC9BCD944F09952 /* Pods-MaterialDesingTests.debug.xcconfig */,
				B4563690C0DFF75B7C9A08B4 /* Pods-MaterialDesingTests.release.xcconfig */,
			);
			name = Pods;
			path = Pods;
			sourceTree = "<group>";
		};
		6323509B24EF838500712AA3 = {
			isa = PBXGroup;
			children = (
				632350A624EF838500712AA3 /* MaterialDesing */,
				632350BD24EF838900712AA3 /* MaterialDesingTests */,
				632350C824EF838900712AA3 /* MaterialDesingUITests */,
				632350A524EF838500712AA3 /* Products */,
				29A5EA7458F48F4B7CC08D29 /* Pods */,
				805211902B0DBEA11FACCF9A /* Frameworks */,
			);
			sourceTree = "<group>";
		};
		632350A524EF838500712AA3 /* Products */ = {
			isa = PBXGroup;
			children = (
				632350A424EF838500712AA3 /* MaterialDesing.app */,
				632350BA24EF838900712AA3 /* MaterialDesingTests.xctest */,
				632350C524EF838900712AA3 /* MaterialDesingUITests.xctest */,
			);
			name = Products;
			sourceTree = "<group>";
		};
		632350A624EF838500712AA3 /* MaterialDesing */ = {
			isa = PBXGroup;
			children = (
				632350A724EF838500712AA3 /* AppDelegate.swift */,
				632350A924EF838500712AA3 /* SceneDelegate.swift */,
				632350AB24EF838500712AA3 /* ViewController.swift */,
				632350AD24EF838500712AA3 /* Main.storyboard */,
				632350B024EF838800712AA3 /* Assets.xcassets */,
				632350B224EF838900712AA3 /* LaunchScreen.storyboard */,
				632350B524EF838900712AA3 /* Info.plist */,
			);
			path = MaterialDesing;
			sourceTree = "<group>";
		};
		632350BD24EF838900712AA3 /* MaterialDesingTests */ = {
			isa = PBXGroup;
			children = (
				632350BE24EF838900712AA3 /* MaterialDesingTests.swift */,
				632350C024EF838900712AA3 /* Info.plist */,
			);
			path = MaterialDesingTests;
			sourceTree = "<group>";
		};
		632350C824EF838900712AA3 /* MaterialDesingUITests */ = {
			isa = PBXGroup;
			children = (
				632350C924EF838900712AA3 /* MaterialDesingUITests.swift */,
				632350CB24EF838900712AA3 /* Info.plist */,
			);
			path = MaterialDesingUITests;
			sourceTree = "<group>";
		};
		805211902B0DBEA11FACCF9A /* Frameworks */ = {
			isa = PBXGroup;
			children = (
				7C211CFFC1918D5014ADC8D6 /* Pods_MaterialDesing.framework */,
				E0F8D51423F9968D6C0CC0D9 /* Pods_MaterialDesing_MaterialDesingUITests.framework */,
				7C6B3A6EBD30016B26DC3CDD /* Pods_MaterialDesingTests.framework */,
			);
			name = Frameworks;
			sourceTree = "<group>";
		};
/* End PBXGroup section */

/* Begin PBXNativeTarget section */
		632350A324EF838500712AA3 /* MaterialDesing */ = {
			isa = PBXNativeTarget;
			buildConfigurationList = 632350CE24EF838900712AA3 /* Build configuration list for PBXNativeTarget "MaterialDesing" */;
			buildPhases = (
				D0160D909EF506214F62C812 /* [CP] Check Pods Manifest.lock */,
				632350A024EF838500712AA3 /* Sources */,
				632350A124EF838500712AA3 /* Frameworks */,
				632350A224EF838500712AA3 /* Resources */,
				F23421B03F642A4185DED9E9 /* [CP] Embed Pods Frameworks */,
			);
			buildRules = (
			);
			dependencies = (
			);
			name = MaterialDesing;
			productName = MaterialDesing;
			productReference = 632350A424EF838500712AA3 /* MaterialDesing.app */;
			productType = "com.apple.product-type.application";
		};
		632350B924EF838900712AA3 /* MaterialDesingTests */ = {
			isa = PBXNativeTarget;
			buildConfigurationList = 632350D124EF838900712AA3 /* Build configuration list for PBXNativeTarget "MaterialDesingTests" */;
			buildPhases = (
				2931464BF74698B0625F4B73 /* [CP] Check Pods Manifest.lock */,
				632350B624EF838900712AA3 /* Sources */,
				632350B724EF838900712AA3 /* Frameworks */,
				632350B824EF838900712AA3 /* Resources */,
			);
			buildRules = (
			);
			dependencies = (
				632350BC24EF838900712AA3 /* PBXTargetDependency */,
			);
			name = MaterialDesingTests;
			productName = MaterialDesingTests;
			productReference = 632350BA24EF838900712AA3 /* MaterialDesingTests.xctest */;
			productType = "com.apple.product-type.bundle.unit-test";
		};
		632350C424EF838900712AA3 /* MaterialDesingUITests */ = {
			isa = PBXNativeTarget;
			buildConfigurationList = 632350D424EF838900712AA3 /* Build configuration list for PBXNativeTarget "MaterialDesingUITests" */;
			buildPhases = (
				17C3D344203C8A08DC83B968 /* [CP] Check Pods Manifest.lock */,
				632350C124EF838900712AA3 /* Sources */,
				632350C224EF838900712AA3 /* Frameworks */,
				632350C324EF838900712AA3 /* Resources */,
				C30F997C2DFAD5AE52946E21 /* [CP] Embed Pods Frameworks */,
			);
			buildRules = (
			);
			dependencies = (
				632350C724EF838900712AA3 /* PBXTargetDependency */,
			);
			name = MaterialDesingUITests;
			productName = MaterialDesingUITests;
			productReference = 632350C524EF838900712AA3 /* MaterialDesingUITests.xctest */;
			productType = "com.apple.product-type.bundle.ui-testing";
		};
/* End PBXNativeTarget section */

/* Begin PBXProject section */
		6323509C24EF838500712AA3 /* Project object */ = {
			isa = PBXProject;
			attributes = {
				LastSwiftUpdateCheck = 1160;
				LastUpgradeCheck = 1160;
				ORGANIZATIONNAME = general;
				TargetAttributes = {
					632350A324EF838500712AA3 = {
						CreatedOnToolsVersion = 11.6;
					};
					632350B924EF838900712AA3 = {
						CreatedOnToolsVersion = 11.6;
						TestTargetID = 632350A324EF838500712AA3;
					};
					632350C424EF838900712AA3 = {
						CreatedOnToolsVersion = 11.6;
						TestTargetID = 632350A324EF838500712AA3;
					};
				};
			};
			buildConfigurationList = 6323509F24EF838500712AA3 /* Build configuration list for PBXProject "MaterialDesing" */;
			compatibilityVersion = "Xcode 9.3";
			developmentRegion = en;
			hasScannedForEncodings = 0;
			knownRegions = (
				en,
				Base,
			);
			mainGroup = 6323509B24EF838500712AA3;
			productRefGroup = 632350A524EF838500712AA3 /* Products */;
			projectDirPath = "";
			projectRoot = "";
			targets = (
				632350A324EF838500712AA3 /* MaterialDesing */,
				632350B924EF838900712AA3 /* MaterialDesingTests */,
				632350C424EF838900712AA3 /* MaterialDesingUITests */,
			);
		};
/* End PBXProject section */

/* Begin PBXResourcesBuildPhase section */
		632350A224EF838500712AA3 /* Resources */ = {
			isa = PBXResourcesBuildPhase;
			buildActionMask = 2147483647;
			files = (
				632350B424EF838900712AA3 /* LaunchScreen.storyboard in Resources */,
				632350B124EF838900712AA3 /* Assets.xcassets in Resources */,
				632350AF24EF838500712AA3 /* Main.storyboard in Resources */,
			);
			runOnlyForDeploymentPostprocessing = 0;
		};
		632350B824EF838900712AA3 /* Resources */ = {
			isa = PBXResourcesBuildPhase;
			buildActionMask = 2147483647;
			files = (
			);
			runOnlyForDeploymentPostprocessing = 0;
		};
		632350C324EF838900712AA3 /* Resources */ = {
			isa = PBXResourcesBuildPhase;
			buildActionMask = 2147483647;
			files = (
			);
			runOnlyForDeploymentPostprocessing = 0;
		};
/* End PBXResourcesBuildPhase section */

/* Begin PBXShellScriptBuildPhase section */
		17C3D344203C8A08DC83B968 /* [CP] Check Pods Manifest.lock */ = {
			isa = PBXShellScriptBuildPhase;
			buildActionMask = 2147483647;
			files = (
			);
			inputFileListPaths = (
			);
			inputPaths = (
				"${PODS_PODFILE_DIR_PATH}/Podfile.lock",
				"${PODS_ROOT}/Manifest.lock",
			);
			name = "[CP] Check Pods Manifest.lock";
			outputFileListPaths = (
			);
			outputPaths = (
				"$(DERIVED_FILE_DIR)/Pods-MaterialDesing-MaterialDesingUITests-checkManifestLockResult.txt",
			);
			runOnlyForDeploymentPostprocessing = 0;
			shellPath = /bin/sh;
			shellScript = "diff \"${PODS_PODFILE_DIR_PATH}/Podfile.lock\" \"${PODS_ROOT}/Manifest.lock\" > /dev/null\nif [ $? != 0 ] ; then\n    # print error to STDERR\n    echo \"error: The sandbox is not in sync with the Podfile.lock. Run 'pod install' or update your CocoaPods installation.\" >&2\n    exit 1\nfi\n# This output is used by Xcode 'outputs' to avoid re-running this script phase.\necho \"SUCCESS\" > \"${SCRIPT_OUTPUT_FILE_0}\"\n";
			showEnvVarsInLog = 0;
		};
		2931464BF74698B0625F4B73 /* [CP] Check Pods Manifest.lock */ = {
			isa = PBXShellScriptBuildPhase;
			buildActionMask = 2147483647;
			files = (
			);
			inputFileListPaths = (
			);
			inputPaths = (
				"${PODS_PODFILE_DIR_PATH}/Podfile.lock",
				"${PODS_ROOT}/Manifest.lock",
			);
			name = "[CP] Check Pods Manifest.lock";
			outputFileListPaths = (
			);
			outputPaths = (
				"$(DERIVED_FILE_DIR)/Pods-MaterialDesingTests-checkManifestLockResult.txt",
			);
			runOnlyForDeploymentPostprocessing = 0;
			shellPath = /bin/sh;
			shellScript = "diff \"${PODS_PODFILE_DIR_PATH}/Podfile.lock\" \"${PODS_ROOT}/Manifest.lock\" > /dev/null\nif [ $? != 0 ] ; then\n    # print error to STDERR\n    echo \"error: The sandbox is not in sync with the Podfile.lock. Run 'pod install' or update your CocoaPods installation.\" >&2\n    exit 1\nfi\n# This output is used by Xcode 'outputs' to avoid re-running this script phase.\necho \"SUCCESS\" > \"${SCRIPT_OUTPUT_FILE_0}\"\n";
			showEnvVarsInLog = 0;
		};
		C30F997C2DFAD5AE52946E21 /* [CP] Embed Pods Frameworks */ = {
			isa = PBXShellScriptBuildPhase;
			buildActionMask = 2147483647;
			files = (
			);
			inputFileListPaths = (
				"${PODS_ROOT}/Target Support Files/Pods-MaterialDesing-MaterialDesingUITests/Pods-MaterialDesing-MaterialDesingUITests-frameworks-${CONFIGURATION}-input-files.xcfilelist",
			);
			name = "[CP] Embed Pods Frameworks";
			outputFileListPaths = (
				"${PODS_ROOT}/Target Support Files/Pods-MaterialDesing-MaterialDesingUITests/Pods-MaterialDesing-MaterialDesingUITests-frameworks-${CONFIGURATION}-output-files.xcfilelist",
			);
			runOnlyForDeploymentPostprocessing = 0;
			shellPath = /bin/sh;
			shellScript = "\"${PODS_ROOT}/Target Support Files/Pods-MaterialDesing-MaterialDesingUITests/Pods-MaterialDesing-MaterialDesingUITests-frameworks.sh\"\n";
			showEnvVarsInLog = 0;
		};
		D0160D909EF506214F62C812 /* [CP] Check Pods Manifest.lock */ = {
			isa = PBXShellScriptBuildPhase;
			buildActionMask = 2147483647;
			files = (
			);
			inputFileListPaths = (
			);
			inputPaths = (
				"${PODS_PODFILE_DIR_PATH}/Podfile.lock",
				"${PODS_ROOT}/Manifest.lock",
			);
			name = "[CP] Check Pods Manifest.lock";
			outputFileListPaths = (
			);
			outputPaths = (
				"$(DERIVED_FILE_DIR)/Pods-MaterialDesing-checkManifestLockResult.txt",
			);
			runOnlyForDeploymentPostprocessing = 0;
			shellPath = /bin/sh;
			shellScript = "diff \"${PODS_PODFILE_DIR_PATH}/Podfile.lock\" \"${PODS_ROOT}/Manifest.lock\" > /dev/null\nif [ $? != 0 ] ; then\n    # print error to STDERR\n    echo \"error: The sandbox is not in sync with the Podfile.lock. Run 'pod install' or update your CocoaPods installation.\" >&2\n    exit 1\nfi\n# This output is used by Xcode 'outputs' to avoid re-running this script phase.\necho \"SUCCESS\" > \"${SCRIPT_OUTPUT_FILE_0}\"\n";
			showEnvVarsInLog = 0;
		};
		F23421B03F642A4185DED9E9 /* [CP] Embed Pods Frameworks */ = {
			isa = PBXShellScriptBuildPhase;
			buildActionMask = 2147483647;
			files = (
			);
			inputFileListPaths = (
				"${PODS_ROOT}/Target Support Files/Pods-MaterialDesing/Pods-MaterialDesing-frameworks-${CONFIGURATION}-input-files.xcfilelist",
			);
			name = "[CP] Embed Pods Frameworks";
			outputFileListPaths = (
				"${PODS_ROOT}/Target Support Files/Pods-MaterialDesing/Pods-MaterialDesing-frameworks-${CONFIGURATION}-output-files.xcfilelist",
			);
			runOnlyForDeploymentPostprocessing = 0;
			shellPath = /bin/sh;
			shellScript = "\"${PODS_ROOT}/Target Support Files/Pods-MaterialDesing/Pods-MaterialDesing-frameworks.sh\"\n";
			showEnvVarsInLog = 0;
		};
/* End PBXShellScriptBuildPhase section */

/* Begin PBXSourcesBuildPhase section */
		632350A024EF838500712AA3 /* Sources */ = {
			isa = PBXSourcesBuildPhase;
			buildActionMask = 2147483647;
			files = (
				632350AC24EF838500712AA3 /* ViewController.swift in Sources */,
				632350A824EF838500712AA3 /* AppDelegate.swift in Sources */,
				632350AA24EF838500712AA3 /* SceneDelegate.swift in Sources */,
			);
			runOnlyForDeploymentPostprocessing = 0;
		};
		632350B624EF838900712AA3 /* Sources */ = {
			isa = PBXSourcesBuildPhase;
			buildActionMask = 2147483647;
			files = (
				632350BF24EF838900712AA3 /* MaterialDesingTests.swift in Sources */,
			);
			runOnlyForDeploymentPostprocessing = 0;
		};
		632350C124EF838900712AA3 /* Sources */ = {
			isa = PBXSourcesBuildPhase;
			buildActionMask = 2147483647;
			files = (
				632350CA24EF838900712AA3 /* MaterialDesingUITests.swift in Sources */,
			);
			runOnlyForDeploymentPostprocessing = 0;
		};
/* End PBXSourcesBuildPhase section */

/* Begin PBXTargetDependency section */
		632350BC24EF838900712AA3 /* PBXTargetDependency */ = {
			isa = PBXTargetDependency;
			target = 632350A324EF838500712AA3 /* MaterialDesing */;
			targetProxy = 632350BB24EF838900712AA3 /* PBXContainerItemProxy */;
		};
		632350C724EF838900712AA3 /* PBXTargetDependency */ = {
			isa = PBXTargetDependency;
			target = 632350A324EF838500712AA3 /* MaterialDesing */;
			targetProxy = 632350C624EF838900712AA3 /* PBXContainerItemProxy */;
		};
/* End PBXTargetDependency section */

/* Begin PBXVariantGroup section */
		632350AD24EF838500712AA3 /* Main.storyboard */ = {
			isa = PBXVariantGroup;
			children = (
				632350AE24EF838500712AA3 /* Base */,
			);
			name = Main.storyboard;
			sourceTree = "<group>";
		};
		632350B224EF838900712AA3 /* LaunchScreen.storyboard */ = {
			isa = PBXVariantGroup;
			children = (
				632350B324EF838900712AA3 /* Base */,
			);
			name = LaunchScreen.storyboard;
			sourceTree = "<group>";
		};
/* End PBXVariantGroup section */

/* Begin XCBuildConfiguration section */
		632350CC24EF838900712AA3 /* Debug */ = {
			isa = XCBuildConfiguration;
			buildSettings = {
				ALWAYS_SEARCH_USER_PATHS = NO;
				CLANG_ANALYZER_NONNULL = YES;
				CLANG_ANALYZER_NUMBER_OBJECT_CONVERSION = YES_AGGRESSIVE;
				CLANG_CXX_LANGUAGE_STANDARD = "gnu++14";
				CLANG_CXX_LIBRARY = "libc++";
				CLANG_ENABLE_MODULES = YES;
				CLANG_ENABLE_OBJC_ARC = YES;
				CLANG_ENABLE_OBJC_WEAK = YES;
				CLANG_WARN_BLOCK_CAPTURE_AUTORELEASING = YES;
				CLANG_WARN_BOOL_CONVERSION = YES;
				CLANG_WARN_COMMA = YES;
				CLANG_WARN_CONSTANT_CONVERSION = YES;
				CLANG_WARN_DEPRECATED_OBJC_IMPLEMENTATIONS = YES;
				CLANG_WARN_DIRECT_OBJC_ISA_USAGE = YES_ERROR;
				CLANG_WARN_DOCUMENTATION_COMMENTS = YES;
				CLANG_WARN_EMPTY_BODY = YES;
				CLANG_WARN_ENUM_CONVERSION = YES;
				CLANG_WARN_INFINITE_RECURSION = YES;
				CLANG_WARN_INT_CONVERSION = YES;
				CLANG_WARN_NON_LITERAL_NULL_CONVERSION = YES;
				CLANG_WARN_OBJC_IMPLICIT_RETAIN_SELF = YES;
				CLANG_WARN_OBJC_LITERAL_CONVERSION = YES;
				CLANG_WARN_OBJC_ROOT_CLASS = YES_ERROR;
				CLANG_WARN_RANGE_LOOP_ANALYSIS = YES;
				CLANG_WARN_STRICT_PROTOTYPES = YES;
				CLANG_WARN_SUSPICIOUS_MOVE = YES;
				CLANG_WARN_UNGUARDED_AVAILABILITY = YES_AGGRESSIVE;
				CLANG_WARN_UNREACHABLE_CODE = YES;
				CLANG_WARN__DUPLICATE_METHOD_MATCH = YES;
				COPY_PHASE_STRIP = NO;
				DEBUG_INFORMATION_FORMAT = dwarf;
				ENABLE_STRICT_OBJC_MSGSEND = YES;
				ENABLE_TESTABILITY = YES;
				GCC_C_LANGUAGE_STANDARD = gnu11;
				GCC_DYNAMIC_NO_PIC = NO;
				GCC_NO_COMMON_BLOCKS = YES;
				GCC_OPTIMIZATION_LEVEL = 0;
				GCC_PREPROCESSOR_DEFINITIONS = (
					"DEBUG=1",
					"$(inherited)",
				);
				GCC_WARN_64_TO_32_BIT_CONVERSION = YES;
				GCC_WARN_ABOUT_RETURN_TYPE = YES_ERROR;
				GCC_WARN_UNDECLARED_SELECTOR = YES;
				GCC_WARN_UNINITIALIZED_AUTOS = YES_AGGRESSIVE;
				GCC_WARN_UNUSED_FUNCTION = YES;
				GCC_WARN_UNUSED_VARIABLE = YES;
				IPHONEOS_DEPLOYMENT_TARGET = 13.6;
				MTL_ENABLE_DEBUG_INFO = INCLUDE_SOURCE;
				MTL_FAST_MATH = YES;
				ONLY_ACTIVE_ARCH = YES;
				SDKROOT = iphoneos;
				SWIFT_ACTIVE_COMPILATION_CONDITIONS = DEBUG;
				SWIFT_OPTIMIZATION_LEVEL = "-Onone";
			};
			name = Debug;
		};
		632350CD24EF838900712AA3 /* Release */ = {
			isa = XCBuildConfiguration;
			buildSettings = {
				ALWAYS_SEARCH_USER_PATHS = NO;
				CLANG_ANALYZER_NONNULL = YES;
				CLANG_ANALYZER_NUMBER_OBJECT_CONVERSION = YES_AGGRESSIVE;
				CLANG_CXX_LANGUAGE_STANDARD = "gnu++14";
				CLANG_CXX_LIBRARY = "libc++";
				CLANG_ENABLE_MODULES = YES;
				CLANG_ENABLE_OBJC_ARC = YES;
				CLANG_ENABLE_OBJC_WEAK = YES;
				CLANG_WARN_BLOCK_CAPTURE_AUTORELEASING = YES;
				CLANG_WARN_BOOL_CONVERSION = YES;
				CLANG_WARN_COMMA = YES;
				CLANG_WARN_CONSTANT_CONVERSION = YES;
				CLANG_WARN_DEPRECATED_OBJC_IMPLEMENTATIONS = YES;
				CLANG_WARN_DIRECT_OBJC_ISA_USAGE = YES_ERROR;
				CLANG_WARN_DOCUMENTATION_COMMENTS = YES;
				CLANG_WARN_EMPTY_BODY = YES;
				CLANG_WARN_ENUM_CONVERSION = YES;
				CLANG_WARN_INFINITE_RECURSION = YES;
				CLANG_WARN_INT_CONVERSION = YES;
				CLANG_WARN_NON_LITERAL_NULL_CONVERSION = YES;
				CLANG_WARN_OBJC_IMPLICIT_RETAIN_SELF = YES;
				CLANG_WARN_OBJC_LITERAL_CONVERSION = YES;
				CLANG_WARN_OBJC_ROOT_CLASS = YES_ERROR;
				CLANG_WARN_RANGE_LOOP_ANALYSIS = YES;
				CLANG_WARN_STRICT_PROTOTYPES = YES;
				CLANG_WARN_SUSPICIOUS_MOVE = YES;
				CLANG_WARN_UNGUARDED_AVAILABILITY = YES_AGGRESSIVE;
				CLANG_WARN_UNREACHABLE_CODE = YES;
				CLANG_WARN__DUPLICATE_METHOD_MATCH = YES;
				COPY_PHASE_STRIP = NO;
				DEBUG_INFORMATION_FORMAT = "dwarf-with-dsym";
				ENABLE_NS_ASSERTIONS = NO;
				ENABLE_STRICT_OBJC_MSGSEND = YES;
				GCC_C_LANGUAGE_STANDARD = gnu11;
				GCC_NO_COMMON_BLOCKS = YES;
				GCC_WARN_64_TO_32_BIT_CONVERSION = YES;
				GCC_WARN_ABOUT_RETURN_TYPE = YES_ERROR;
				GCC_WARN_UNDECLARED_SELECTOR = YES;
				GCC_WARN_UNINITIALIZED_AUTOS = YES_AGGRESSIVE;
				GCC_WARN_UNUSED_FUNCTION = YES;
				GCC_WARN_UNUSED_VARIABLE = YES;
				IPHONEOS_DEPLOYMENT_TARGET = 13.6;
				MTL_ENABLE_DEBUG_INFO = NO;
				MTL_FAST_MATH = YES;
				SDKROOT = iphoneos;
				SWIFT_COMPILATION_MODE = wholemodule;
				SWIFT_OPTIMIZATION_LEVEL = "-O";
				VALIDATE_PRODUCT = YES;
			};
			name = Release;
		};
		632350CF24EF838900712AA3 /* Debug */ = {
			isa = XCBuildConfiguration;
			baseConfigurationReference = B10C9D6A225ED23FB069E155 /* Pods-MaterialDesing.debug.xcconfig */;
			buildSettings = {
				ASSETCATALOG_COMPILER_APPICON_NAME = AppIcon;
				CODE_SIGN_STYLE = Automatic;
				DEVELOPMENT_TEAM = RC4YJ9527W;
				INFOPLIST_FILE = MaterialDesing/Info.plist;
				LD_RUNPATH_SEARCH_PATHS = (
					"$(inherited)",
					"@executable_path/Frameworks",
				);
				PRODUCT_BUNDLE_IDENTIFIER = com.paul9834.MaterialDesing;
				PRODUCT_NAME = "$(TARGET_NAME)";
				SWIFT_VERSION = 5.0;
				TARGETED_DEVICE_FAMILY = "1,2";
			};
			name = Debug;
		};
		632350D024EF838900712AA3 /* Release */ = {
			isa = XCBuildConfiguration;
			baseConfigurationReference = 9E7D8DD0D00FA11B8302BB70 /* Pods-MaterialDesing.release.xcconfig */;
			buildSettings = {
				ASSETCATALOG_COMPILER_APPICON_NAME = AppIcon;
				CODE_SIGN_STYLE = Automatic;
				DEVELOPMENT_TEAM = RC4YJ9527W;
				INFOPLIST_FILE = MaterialDesing/Info.plist;
				LD_RUNPATH_SEARCH_PATHS = (
					"$(inherited)",
					"@executable_path/Frameworks",
				);
				PRODUCT_BUNDLE_IDENTIFIER = com.paul9834.MaterialDesing;
				PRODUCT_NAME = "$(TARGET_NAME)";
				SWIFT_VERSION = 5.0;
				TARGETED_DEVICE_FAMILY = "1,2";
			};
			name = Release;
		};
		632350D224EF838900712AA3 /* Debug */ = {
			isa = XCBuildConfiguration;
			baseConfigurationReference = 790CA5C94DC9BCD944F09952 /* Pods-MaterialDesingTests.debug.xcconfig */;
			buildSettings = {
				ALWAYS_EMBED_SWIFT_STANDARD_LIBRARIES = YES;
				BUNDLE_LOADER = "$(TEST_HOST)";
				CODE_SIGN_STYLE = Automatic;
				DEVELOPMENT_TEAM = RC4YJ9527W;
				INFOPLIST_FILE = MaterialDesingTests/Info.plist;
				IPHONEOS_DEPLOYMENT_TARGET = 13.6;
				LD_RUNPATH_SEARCH_PATHS = (
					"$(inherited)",
					"@executable_path/Frameworks",
					"@loader_path/Frameworks",
				);
				PRODUCT_BUNDLE_IDENTIFIER = com.paul9834.MaterialDesingTests;
				PRODUCT_NAME = "$(TARGET_NAME)";
				SWIFT_VERSION = 5.0;
				TARGETED_DEVICE_FAMILY = "1,2";
				TEST_HOST = "$(BUILT_PRODUCTS_DIR)/MaterialDesing.app/MaterialDesing";
			};
			name = Debug;
		};
		632350D324EF838900712AA3 /* Release */ = {
			isa = XCBuildConfiguration;
			baseConfigurationReference = B4563690C0DFF75B7C9A08B4 /* Pods-MaterialDesingTests.release.xcconfig */;
			buildSettings = {
				ALWAYS_EMBED_SWIFT_STANDARD_LIBRARIES = YES;
				BUNDLE_LOADER = "$(TEST_HOST)";
				CODE_SIGN_STYLE = Automatic;
				DEVELOPMENT_TEAM = RC4YJ9527W;
				INFOPLIST_FILE = MaterialDesingTests/Info.plist;
				IPHONEOS_DEPLOYMENT_TARGET = 13.6;
				LD_RUNPATH_SEARCH_PATHS = (
					"$(inherited)",
					"@executable_path/Frameworks",
					"@loader_path/Frameworks",
				);
				PRODUCT_BUNDLE_IDENTIFIER = com.paul9834.MaterialDesingTests;
				PRODUCT_NAME = "$(TARGET_NAME)";
				SWIFT_VERSION = 5.0;
				TARGETED_DEVICE_FAMILY = "1,2";
				TEST_HOST = "$(BUILT_PRODUCTS_DIR)/MaterialDesing.app/MaterialDesing";
			};
			name = Release;
		};
		632350D524EF838900712AA3 /* Debug */ = {
			isa = XCBuildConfiguration;
			baseConfigurationReference = 03D1AD78F2BD2AAA9CE18DF0 /* Pods-MaterialDesing-MaterialDesingUITests.debug.xcconfig */;
			buildSettings = {
				ALWAYS_EMBED_SWIFT_STANDARD_LIBRARIES = YES;
				CODE_SIGN_STYLE = Automatic;
				DEVELOPMENT_TEAM = RC4YJ9527W;
				INFOPLIST_FILE = MaterialDesingUITests/Info.plist;
				LD_RUNPATH_SEARCH_PATHS = (
					"$(inherited)",
					"@executable_path/Frameworks",
					"@loader_path/Frameworks",
				);
				PRODUCT_BUNDLE_IDENTIFIER = com.paul9834.MaterialDesingUITests;
				PRODUCT_NAME = "$(TARGET_NAME)";
				SWIFT_VERSION = 5.0;
				TARGETED_DEVICE_FAMILY = "1,2";
				TEST_TARGET_NAME = MaterialDesing;
			};
			name = Debug;
		};
		632350D624EF838900712AA3 /* Release */ = {
			isa = XCBuildConfiguration;
			baseConfigurationReference = AFEA677C998F1ECA524BBBF7 /* Pods-MaterialDesing-MaterialDesingUITests.release.xcconfig */;
			buildSettings = {
				ALWAYS_EMBED_SWIFT_STANDARD_LIBRARIES = YES;
				CODE_SIGN_STYLE = Automatic;
				DEVELOPMENT_TEAM = RC4YJ9527W;
				INFOPLIST_FILE = MaterialDesingUITests/Info.plist;
				LD_RUNPATH_SEARCH_PATHS = (
					"$(inherited)",
					"@executable_path/Frameworks",
					"@loader_path/Frameworks",
				);
				PRODUCT_BUNDLE_IDENTIFIER = com.paul9834.MaterialDesingUITests;
				PRODUCT_NAME = "$(TARGET_NAME)";
				SWIFT_VERSION = 5.0;
				TARGETED_DEVICE_FAMILY = "1,2";
				TEST_TARGET_NAME = MaterialDesing;
			};
			name = Release;
		};
/* End XCBuildConfiguration section */

/* Begin XCConfigurationList section */
		6323509F24EF838500712AA3 /* Build configuration list for PBXProject "MaterialDesing" */ = {
			isa = XCConfigurationList;
			buildConfigurations = (
				632350CC24EF838900712AA3 /* Debug */,
				632350CD24EF838900712AA3 /* Release */,
			);
			defaultConfigurationIsVisible = 0;
			defaultConfigurationName = Release;
		};
		632350CE24EF838900712AA3 /* Build configuration list for PBXNativeTarget "MaterialDesing" */ = {
			isa = XCConfigurationList;
			buildConfigurations = (
				632350CF24EF838900712AA3 /* Debug */,
				632350D024EF838900712AA3 /* Release */,
			);
			defaultConfigurationIsVisible = 0;
			defaultConfigurationName = Release;
		};
		632350D124EF838900712AA3 /* Build configuration list for PBXNativeTarget "MaterialDesingTests" */ = {
			isa = XCConfigurationList;
			buildConfigurations = (
				632350D224EF838900712AA3 /* Debug */,
				632350D324EF838900712AA3 /* Release */,
			);
			defaultConfigurationIsVisible = 0;
			defaultConfigurationName = Release;
		};
		632350D424EF838900712AA3 /* Build configuration list for PBXNativeTarget "MaterialDesingUITests" */ = {
			isa = XCConfigurationList;
			buildConfigurations = (
				632350D524EF838900712AA3 /* Debug */,
				632350D624EF838900712AA3 /* Release */,
			);
			defaultConfigurationIsVisible = 0;
			defaultConfigurationName = Release;
		};
/* End XCConfigurationList section */
	};
	rootObject = 6323509C24EF838500712AA3 /* Project object */;
}
